
Microsoft Visual Studio Solution File, Format Version 12.00
# Visual Studio Version 16
VisualStudioVersion = 16.0.31911.196
MinimumVisualStudioVersion = 10.0.40219.1
Project("{FAE04EC0-301F-11D3-BF4B-00C04F79EFBC}") = "Kliens", "Kliens\Kliens.csproj", "{5594F43E-2744-4E93-8768-8DAEC70CBFF8}"
EndProject
Global
	GlobalSection(SolutionConfigurationPlatforms) = preSolution
		Debug|Any CPU = Debug|Any CPU
		Release|Any CPU = Release|Any CPU
	EndGlobalSection
	GlobalSection(ProjectConfigurationPlatforms) = postSolution
		{5594F43E-2744-4E93-8768-8DAEC70CBFF8}.Debug|Any CPU.ActiveCfg = Debug|Any CPU
		{5594F43E-2744-4E93-8768-8DAEC70CBFF8}.Debug|Any CPU.Build.0 = Debug|Any CPU
		{5594F43E-2744-4E93-8768-8DAEC70CBFF8}.Release|Any CPU.ActiveCfg = Release|Any CPU
		{5594F43E-2744-4E93-8768-8DAEC70CBFF8}.Release|Any CPU.Build.0 = Release|Any CPU
	EndGlobalSection
	GlobalSection(SolutionProperties) = preSolution
		HideSolutionNode = FALSE
	EndGlobalSection
	GlobalSection(ExtensibilityGlobals) = postSolution
		SolutionGuid = {F93F0837-741A-4E41-B01A-5859324D15CB}
	EndGlobalSection
EndGlobal
